// !$*UTF8*$!
{
	archiveVersion = 1;
	classes = {
	};
	objectVersion = 46;
	objects = {

/* Begin PBXBuildFile section */
		4E7FCEC31B2637DE005ADCAA /* main.m in Sources */ = {isa = PBXBuildFile; fileRef = 4E7FCEC21B2637DE005ADCAA /* main.m */; };
		4E7FCEC61B2637DE005ADCAA /* AppDelegate.m in Sources */ = {isa = PBXBuildFile; fileRef = 4E7FCEC51B2637DE005ADCAA /* AppDelegate.m */; };
		4E7FCEC91B2637DE005ADCAA /* WheelChair2.xcdatamodeld in Sources */ = {isa = PBXBuildFile; fileRef = 4E7FCEC71B2637DE005ADCAA /* WheelChair2.xcdatamodeld */; };
		4E7FCECC1B2637DE005ADCAA /* ViewController.m in Sources */ = {isa = PBXBuildFile; fileRef = 4E7FCECB1B2637DE005ADCAA /* ViewController.m */; };
		4E7FCECF1B2637DE005ADCAA /* Main.storyboard in Resources */ = {isa = PBXBuildFile; fileRef = 4E7FCECD1B2637DE005ADCAA /* Main.storyboard */; };
		4E7FCED11B2637DE005ADCAA /* Images.xcassets in Resources */ = {isa = PBXBuildFile; fileRef = 4E7FCED01B2637DE005ADCAA /* Images.xcassets */; };
		4E7FCED41B2637DE005ADCAA /* LaunchScreen.xib in Resources */ = {isa = PBXBuildFile; fileRef = 4E7FCED21B2637DE005ADCAA /* LaunchScreen.xib */; };
		4E7FCEE01B2637DE005ADCAA /* WheelChair2Tests.m in Sources */ = {isa = PBXBuildFile; fileRef = 4E7FCEDF1B2637DE005ADCAA /* WheelChair2Tests.m */; };
/* End PBXBuildFile section */

/* Begin PBXContainerItemProxy section */
		4E7FCEDA1B2637DE005ADCAA /* PBXContainerItemProxy */ = {
			isa = PBXContainerItemProxy;
			containerPortal = 4E7FCEB51B2637DE005ADCAA /* Project object */;
			proxyType = 1;
			remoteGlobalIDString = 4E7FCEBC1B2637DE005ADCAA;
			remoteInfo = WheelChair2;
		};
/* End PBXContainerItemProxy section */

/* Begin PBXFileReference section */
		4E7FCEBD1B2637DE005ADCAA /* WheelChair2.app */ = {isa = PBXFileReference; explicitFileType = wrapper.application; includeInIndex = 0; path = WheelChair2.app; sourceTree = BUILT_PRODUCTS_DIR; };
		4E7FCEC11B2637DE005ADCAA /* Info.plist */ = {isa = PBXFileReference; lastKnownFileType = text.plist.xml; path = Info.plist; sourceTree = "<group>"; };
		4E7FCEC21B2637DE005ADCAA /* main.m */ = {isa = PBXFileReference; lastKnownFileType = sourcecode.c.objc; path = main.m; sourceTree = "<group>"; };
		4E7FCEC41B2637DE005ADCAA /* AppDelegate.h */ = {isa = PBXFileReference; lastKnownFileType = sourcecode.c.h; path = AppDelegate.h; sourceTree = "<group>"; };
		4E7FCEC51B2637DE005ADCAA /* AppDelegate.m */ = {isa = PBXFileReference; lastKnownFileType = sourcecode.c.objc; path = AppDelegate.m; sourceTree = "<group>"; };
		4E7FCEC81B2637DE005ADCAA /* WheelChair2.xcdatamodel */ = {isa = PBXFileReference; lastKnownFileType = wrapper.xcdatamodel; path = WheelChair2.xcdatamodel; sourceTree = "<group>"; };
		4E7FCECA1B2637DE005ADCAA /* ViewController.h */ = {isa = PBXFileReference; lastKnownFileType = sourcecode.c.h; path = ViewController.h; sourceTree = "<group>"; };
		4E7FCECB1B2637DE005ADCAA /* ViewController.m */ = {isa = PBXFileReference; lastKnownFileType = sourcecode.c.objc; path = ViewController.m; sourceTree = "<group>"; };
		4E7FCECE1B2637DE005ADCAA /* Base */ = {isa = PBXFileReference; lastKnownFileType = file.storyboard; name = Base; path = Base.lproj/Main.storyboard; sourceTree = "<group>"; };
		4E7FCED01B2637DE005ADCAA /* Images.xcassets */ = {isa = PBXFileReference; lastKnownFileType = folder.assetcatalog; path = Images.xcassets; sourceTree = "<group>"; };
		4E7FCED31B2637DE005ADCAA /* Base */ = {isa = PBXFileReference; lastKnownFileType = file.xib; name = Base; path = Base.lproj/LaunchScreen.xib; sourceTree = "<group>"; };
		4E7FCED91B2637DE005ADCAA /* WheelChair2Tests.xctest */ = {isa = PBXFileReference; explicitFileType = wrapper.cfbundle; includeInIndex = 0; path = WheelChair2Tests.xctest; sourceTree = BUILT_PRODUCTS_DIR; };
		4E7FCEDE1B2637DE005ADCAA /* Info.plist */ = {isa = PBXFileReference; lastKnownFileType = text.plist.xml; path = Info.plist; sourceTree = "<group>"; };
		4E7FCEDF1B2637DE005ADCAA /* WheelChair2Tests.m */ = {isa = PBXFileReference; lastKnownFileType = sourcecode.c.objc; path = WheelChair2Tests.m; sourceTree = "<group>"; };
/* End PBXFileReference section */

/* Begin PBXFrameworksBuildPhase section */
		4E7FCEBA1B2637DE005ADCAA /* Frameworks */ = {
			isa = PBXFrameworksBuildPhase;
			buildActionMask = 2147483647;
			files = (
			);
			runOnlyForDeploymentPostprocessing = 0;
		};
		4E7FCED61B2637DE005ADCAA /* Frameworks */ = {
			isa = PBXFrameworksBuildPhase;
			buildActionMask = 2147483647;
			files = (
			);
			runOnlyForDeploymentPostprocessing = 0;
		};
/* End PBXFrameworksBuildPhase section */

/* Begin PBXGroup section */
		4E7FCEB41B2637DE005ADCAA = {
			isa = PBXGroup;
			children = (
				4E7FCEBF1B2637DE005ADCAA /* WheelChair2 */,
				4E7FCEDC1B2637DE005ADCAA /* WheelChair2Tests */,
				4E7FCEBE1B2637DE005ADCAA /* Products */,
			);
			sourceTree = "<group>";
		};
		4E7FCEBE1B2637DE005ADCAA /* Products */ = {
			isa = PBXGroup;
			children = (
				4E7FCEBD1B2637DE005ADCAA /* WheelChair2.app */,
				4E7FCED91B2637DE005ADCAA /* WheelChair2Tests.xctest */,
			);
			name = Products;
			sourceTree = "<group>";
		};
		4E7FCEBF1B2637DE005ADCAA /* WheelChair2 */ = {
			isa = PBXGroup;
			children = (
				4E7FCEC41B2637DE005ADCAA /* AppDelegate.h */,
				4E7FCEC51B2637DE005ADCAA /* AppDelegate.m */,
				4E7FCECA1B2637DE005ADCAA /* ViewController.h */,
				4E7FCECB1B2637DE005ADCAA /* ViewController.m */,
				4E7FCECD1B2637DE005ADCAA /* Main.storyboard */,
				4E7FCED01B2637DE005ADCAA /* Images.xcassets */,
				4E7FCED21B2637DE005ADCAA /* LaunchScreen.xib */,
				4E7FCEC71B2637DE005ADCAA /* WheelChair2.xcdatamodeld */,
				4E7FCEC01B2637DE005ADCAA /* Supporting Files */,
			);
			path = WheelChair2;
			sourceTree = "<group>";
		};
		4E7FCEC01B2637DE005ADCAA /* Supporting Files */ = {
			isa = PBXGroup;
			children = (
				4E7FCEC11B2637DE005ADCAA /* Info.plist */,
				4E7FCEC21B2637DE005ADCAA /* main.m */,
			);
			name = "Supporting Files";
			sourceTree = "<group>";
		};
		4E7FCEDC1B2637DE005ADCAA /* WheelChair2Tests */ = {
			isa = PBXGroup;
			children = (
				4E7FCEDF1B2637DE005ADCAA /* WheelChair2Tests.m */,
				4E7FCEDD1B2637DE005ADCAA /* Supporting Files */,
			);
			path = WheelChair2Tests;
			sourceTree = "<group>";
		};
		4E7FCEDD1B2637DE005ADCAA /* Supporting Files */ = {
			isa = PBXGroup;
			children = (
				4E7FCEDE1B2637DE005ADCAA /* Info.plist */,
			);
			name = "Supporting Files";
			sourceTree = "<group>";
		};
/* End PBXGroup section */

/* Begin PBXNativeTarget section */
		4E7FCEBC1B2637DE005ADCAA /* WheelChair2 */ = {
			isa = PBXNativeTarget;
			buildConfigurationList = 4E7FCEE31B2637DE005ADCAA /* Build configuration list for PBXNativeTarget "WheelChair2" */;
			buildPhases = (
				4E7FCEB91B2637DE005ADCAA /* Sources */,
				4E7FCEBA1B2637DE005ADCAA /* Frameworks */,
				4E7FCEBB1B2637DE005ADCAA /* Resources */,
			);
			buildRules = (
			);
			dependencies = (
			);
			name = WheelChair2;
			productName = WheelChair2;
			productReference = 4E7FCEBD1B2637DE005ADCAA /* WheelChair2.app */;
			productType = "com.apple.product-type.application";
		};
		4E7FCED81B2637DE005ADCAA /* WheelChair2Tests */ = {
			isa = PBXNativeTarget;
			buildConfigurationList = 4E7FCEE61B2637DE005ADCAA /* Build configuration list for PBXNativeTarget "WheelChair2Tests" */;
			buildPhases = (
				4E7FCED51B2637DE005ADCAA /* Sources */,
				4E7FCED61B2637DE005ADCAA /* Frameworks */,
				4E7FCED71B2637DE005ADCAA /* Resources */,
			);
			buildRules = (
			);
			dependencies = (
				4E7FCEDB1B2637DE005ADCAA /* PBXTargetDependency */,
			);
			name = WheelChair2Tests;
			productName = WheelChair2Tests;
			productReference = 4E7FCED91B2637DE005ADCAA /* WheelChair2Tests.xctest */;
			productType = "com.apple.product-type.bundle.unit-test";
		};
/* End PBXNativeTarget section */

/* Begin PBXProject section */
		4E7FCEB51B2637DE005ADCAA /* Project object */ = {
			isa = PBXProject;
			attributes = {
				LastUpgradeCheck = 0630;
				ORGANIZATIONNAME = Bepid;
				TargetAttributes = {
					4E7FCEBC1B2637DE005ADCAA = {
						CreatedOnToolsVersion = 6.3.2;
					};
					4E7FCED81B2637DE005ADCAA = {
						CreatedOnToolsVersion = 6.3.2;
						TestTargetID = 4E7FCEBC1B2637DE005ADCAA;
					};
				};
			};
			buildConfigurationList = 4E7FCEB81B2637DE005ADCAA /* Build configuration list for PBXProject "WheelChair2" */;
			compatibilityVersion = "Xcode 3.2";
			developmentRegion = English;
			hasScannedForEncodings = 0;
			knownRegions = (
				en,
				Base,
			);
			mainGroup = 4E7FCEB41B2637DE005ADCAA;
			productRefGroup = 4E7FCEBE1B2637DE005ADCAA /* Products */;
			projectDirPath = "";
			projectRoot = "";
			targets = (
				4E7FCEBC1B2637DE005ADCAA /* WheelChair2 */,
				4E7FCED81B2637DE005ADCAA /* WheelChair2Tests */,
			);
		};
/* End PBXProject section */

/* Begin PBXResourcesBuildPhase section */
		4E7FCEBB1B2637DE005ADCAA /* Resources */ = {
			isa = PBXResourcesBuildPhase;
			buildActionMask = 2147483647;
			files = (
				4E7FCECF1B2637DE005ADCAA /* Main.storyboard in Resources */,
				4E7FCED41B2637DE005ADCAA /* LaunchScreen.xib in Resources */,
				4E7FCED11B2637DE005ADCAA /* Images.xcassets in Resources */,
			);
			runOnlyForDeploymentPostprocessing = 0;
		};
		4E7FCED71B2637DE005ADCAA /* Resources */ = {
			isa = PBXResourcesBuildPhase;
			buildActionMask = 2147483647;
			files = (
			);
			runOnlyForDeploymentPostprocessing = 0;
		};
/* End PBXResourcesBuildPhase section */

/* Begin PBXSourcesBuildPhase section */
		4E7FCEB91B2637DE005ADCAA /* Sources */ = {
			isa = PBXSourcesBuildPhase;
			buildActionMask = 2147483647;
			files = (
				4E7FCEC61B2637DE005ADCAA /* AppDelegate.m in Sources */,
				4E7FCEC91B2637DE005ADCAA /* WheelChair2.xcdatamodeld in Sources */,
				4E7FCECC1B2637DE005ADCAA /* ViewController.m in Sources */,
				4E7FCEC31B2637DE005ADCAA /* main.m in Sources */,
			);
			runOnlyForDeploymentPostprocessing = 0;
		};
		4E7FCED51B2637DE005ADCAA /* Sources */ = {
			isa = PBXSourcesBuildPhase;
			buildActionMask = 2147483647;
			files = (
				4E7FCEE01B2637DE005ADCAA /* WheelChair2Tests.m in Sources */,
			);
			runOnlyForDeploymentPostprocessing = 0;
		};
/* End PBXSourcesBuildPhase section */

/* Begin PBXTargetDependency section */
		4E7FCEDB1B2637DE005ADCAA /* PBXTargetDependency */ = {
			isa = PBXTargetDependency;
			target = 4E7FCEBC1B2637DE005ADCAA /* WheelChair2 */;
			targetProxy = 4E7FCEDA1B2637DE005ADCAA /* PBXContainerItemProxy */;
		};
/* End PBXTargetDependency section */

/* Begin PBXVariantGroup section */
		4E7FCECD1B2637DE005ADCAA /* Main.storyboard */ = {
			isa = PBXVariantGroup;
			children = (
				4E7FCECE1B2637DE005ADCAA /* Base */,
			);
			name = Main.storyboard;
			sourceTree = "<group>";
		};
		4E7FCED21B2637DE005ADCAA /* LaunchScreen.xib */ = {
			isa = PBXVariantGroup;
			children = (
				4E7FCED31B2637DE005ADCAA /* Base */,
			);
			name = LaunchScreen.xib;
			sourceTree = "<group>";
		};
/* End PBXVariantGroup section */

/* Begin XCBuildConfiguration section */
		4E7FCEE11B2637DE005ADCAA /* Debug */ = {
			isa = XCBuildConfiguration;
			buildSettings = {
				ALWAYS_SEARCH_USER_PATHS = NO;
				CLANG_CXX_LANGUAGE_STANDARD = "gnu++0x";
				CLANG_CXX_LIBRARY = "libc++";
				CLANG_ENABLE_MODULES = YES;
				CLANG_ENABLE_OBJC_ARC = YES;
				CLANG_WARN_BOOL_CONVERSION = YES;
				CLANG_WARN_CONSTANT_CONVERSION = YES;
				CLANG_WARN_DIRECT_OBJC_ISA_USAGE = YES_ERROR;
				CLANG_WARN_EMPTY_BODY = YES;
				CLANG_WARN_ENUM_CONVERSION = YES;
				CLANG_WARN_INT_CONVERSION = YES;
				CLANG_WARN_OBJC_ROOT_CLASS = YES_ERROR;
				CLANG_WARN_UNREACHABLE_CODE = YES;
				CLANG_WARN__DUPLICATE_METHOD_MATCH = YES;
				"CODE_SIGN_IDENTITY[sdk=iphoneos*]" = "iPhone Developer";
				COPY_PHASE_STRIP = NO;
				DEBUG_INFORMATION_FORMAT = "dwarf-with-dsym";
				ENABLE_STRICT_OBJC_MSGSEND = YES;
				GCC_C_LANGUAGE_STANDARD = gnu99;
				GCC_DYNAMIC_NO_PIC = NO;
				GCC_NO_COMMON_BLOCKS = YES;
				GCC_OPTIMIZATION_LEVEL = 0;
				GCC_PREPROCESSOR_DEFINITIONS = (
					"DEBUG=1",
					"$(inherited)",
				);
				GCC_SYMBOLS_PRIVATE_EXTERN = NO;
				GCC_WARN_64_TO_32_BIT_CONVERSION = YES;
				GCC_WARN_ABOUT_RETURN_TYPE = YES_ERROR;
				GCC_WARN_UNDECLARED_SELECTOR = YES;
				GCC_WARN_UNINITIALIZED_AUTOS = YES_AGGRESSIVE;
				GCC_WARN_UNUSED_FUNCTION = YES;
				GCC_WARN_UNUSED_VARIABLE = YES;
				IPHONEOS_DEPLOYMENT_TARGET = 8.3;
				MTL_ENABLE_DEBUG_INFO = YES;
				ONLY_ACTIVE_ARCH = YES;
				SDKROOT = iphoneos;
				TARGETED_DEVICE_FAMILY = "1,2";
			};
			name = Debug;
		};
		4E7FCEE21B2637DE005ADCAA /* Release */ = {
			isa = XCBuildConfiguration;
			buildSettings = {
				ALWAYS_SEARCH_USER_PATHS = NO;
				CLANG_CXX_LANGUAGE_STANDARD = "gnu++0x";
				CLANG_CXX_LIBRARY = "libc++";
				CLANG_ENABLE_MODULES = YES;
				CLANG_ENABLE_OBJC_ARC = YES;
				CLANG_WARN_BOOL_CONVERSION = YES;
				CLANG_WARN_CONSTANT_CONVERSION = YES;
				CLANG_WARN_DIRECT_OBJC_ISA_USAGE = YES_ERROR;
				CLANG_WARN_EMPTY_BODY = YES;
				CLANG_WARN_ENUM_CONVERSION = YES;
				CLANG_WARN_INT_CONVERSION = YES;
				CLANG_WARN_OBJC_ROOT_CLASS = YES_ERROR;
				CLANG_WARN_UNREACHABLE_CODE = YES;
				CLANG_WARN__DUPLICATE_METHOD_MATCH = YES;
				"CODE_SIGN_IDENTITY[sdk=iphoneos*]" = "iPhone Developer";
				COPY_PHASE_STRIP = NO;
				DEBUG_INFORMATION_FORMAT = "dwarf-with-dsym";
				ENABLE_NS_ASSERTIONS = NO;
				ENABLE_STRICT_OBJC_MSGSEND = YES;
				GCC_C_LANGUAGE_STANDARD = gnu99;
				GCC_NO_COMMON_BLOCKS = YES;
				GCC_WARN_64_TO_32_BIT_CONVERSION = YES;
				GCC_WARN_ABOUT_RETURN_TYPE = YES_ERROR;
				GCC_WARN_UNDECLARED_SELECTOR = YES;
				GCC_WARN_UNINITIALIZED_AUTOS = YES_AGGRESSIVE;
				GCC_WARN_UNUSED_FUNCTION = YES;
				GCC_WARN_UNUSED_VARIABLE = YES;
				IPHONEOS_DEPLOYMENT_TARGET = 8.3;
				MTL_ENABLE_DEBUG_INFO = NO;
				SDKROOT = iphoneos;
				TARGETED_DEVICE_FAMILY = "1,2";
				VALIDATE_PRODUCT = YES;
			};
			name = Release;
		};
		4E7FCEE41B2637DE005ADCAA /* Debug */ = {
			isa = XCBuildConfiguration;
			buildSettings = {
				ASSETCATALOG_COMPILER_APPICON_NAME = AppIcon;
				INFOPLIST_FILE = WheelChair2/Info.plist;
				LD_RUNPATH_SEARCH_PATHS = "$(inherited) @executable_path/Frameworks";
				PRODUCT_NAME = "$(TARGET_NAME)";
			};
			name = Debug;
		};
		4E7FCEE51B2637DE005ADCAA /* Release */ = {
			isa = XCBuildConfiguration;
			buildSettings = {
				ASSETCATALOG_COMPILER_APPICON_NAME = AppIcon;
				INFOPLIST_FILE = WheelChair2/Info.plist;
				LD_RUNPATH_SEARCH_PATHS = "$(inherited) @executable_path/Frameworks";
				PRODUCT_NAME = "$(TARGET_NAME)";
			};
			name = Release;
		};
		4E7FCEE71B2637DE005ADCAA /* Debug */ = {
			isa = XCBuildConfiguration;
			buildSettings = {
				BUNDLE_LOADER = "$(TEST_HOST)";
				FRAMEWORK_SEARCH_PATHS = (
					"$(SDKROOT)/Developer/Library/Frameworks",
					"$(inherited)",
				);
				GCC_PREPROCESSOR_DEFINITIONS = (
					"DEBUG=1",
					"$(inherited)",
				);
				INFOPLIST_FILE = WheelChair2Tests/Info.plist;
				LD_RUNPATH_SEARCH_PATHS = "$(inherited) @executable_path/Frameworks @loader_path/Frameworks";
				PRODUCT_NAME = "$(TARGET_NAME)";
				TEST_HOST = "$(BUILT_PRODUCTS_DIR)/WheelChair2.app/WheelChair2";
			};
			name = Debug;
		};
		4E7FCEE81B2637DE005ADCAA /* Release */ = {
			isa = XCBuildConfiguration;
			buildSettings = {
				BUNDLE_LOADER = "$(TEST_HOST)";
				FRAMEWORK_SEARCH_PATHS = (
					"$(SDKROOT)/Developer/Library/Frameworks",
					"$(inherited)",
				);
				INFOPLIST_FILE = WheelChair2Tests/Info.plist;
				LD_RUNPATH_SEARCH_PATHS = "$(inherited) @executable_path/Frameworks @loader_path/Frameworks";
				PRODUCT_NAME = "$(TARGET_NAME)";
				TEST_HOST = "$(BUILT_PRODUCTS_DIR)/WheelChair2.app/WheelChair2";
			};
			name = Release;
		};
/* End XCBuildConfiguration section */

/* Begin XCConfigurationList section */
		4E7FCEB81B2637DE005ADCAA /* Build configuration list for PBXProject "WheelChair2" */ = {
			isa = XCConfigurationList;
			buildConfigurations = (
				4E7FCEE11B2637DE005ADCAA /* Debug */,
				4E7FCEE21B2637DE005ADCAA /* Release */,
			);
			defaultConfigurationIsVisible = 0;
			defaultConfigurationName = Release;
		};
		4E7FCEE31B2637DE005ADCAA /* Build configuration list for PBXNativeTarget "WheelChair2" */ = {
			isa = XCConfigurationList;
			buildConfigurations = (
				4E7FCEE41B2637DE005ADCAA /* Debug */,
				4E7FCEE51B2637DE005ADCAA /* Release */,
			);
			defaultConfigurationIsVisible = 0;
		};
		4E7FCEE61B2637DE005ADCAA /* Build configuration list for PBXNativeTarget "WheelChair2Tests" */ = {
			isa = XCConfigurationList;
			buildConfigurations = (
				4E7FCEE71B2637DE005ADCAA /* Debug */,
				4E7FCEE81B2637DE005ADCAA /* Release */,
			);
			defaultConfigurationIsVisible = 0;
		};
/* End XCConfigurationList section */

/* Begin XCVersionGroup section */
		4E7FCEC71B2637DE005ADCAA /* WheelChair2.xcdatamodeld */ = {
			isa = XCVersionGroup;
			children = (
				4E7FCEC81B2637DE005ADCAA /* WheelChair2.xcdatamodel */,
			);
			currentVersion = 4E7FCEC81B2637DE005ADCAA /* WheelChair2.xcdatamodel */;
			path = WheelChair2.xcdatamodeld;
			sourceTree = "<group>";
			versionGroupType = wrapper.xcdatamodel;
		};
/* End XCVersionGroup section */
	};
	rootObject = 4E7FCEB51B2637DE005ADCAA /* Project object */;
}
